
Microsoft Visual Studio Solution File, Format Version 12.00
# Visual Studio Version 17
VisualStudioVersion = 17.5.33530.505
MinimumVisualStudioVersion = 10.0.40219.1
Project("{9A19103F-16F7-4668-BE54-9A1E7A4F7556}") = "02.MultipleInheritance", "02.MultipleInheritance.csproj", "{D1E3C80A-EA43-4342-AE1D-2F7DBCC7F6DA}"
EndProject
Project("{FAE04EC0-301F-11D3-BF4B-00C04F79EFBC}") = "04.RandomList", "..\04.RandomList\04.RandomList.csproj", "{EC5287A5-3048-4CDC-9B43-4ACF4C082809}"
EndProject
Project("{FAE04EC0-301F-11D3-BF4B-00C04F79EFBC}") = "05.StackOfStrings", "..\05.StackОfStrings\05.StackOfStrings.csproj", "{3C72DD21-FAA6-41BF-B263-F6C452C257D1}"
EndProject
Global
	GlobalSection(SolutionConfigurationPlatforms) = preSolution
		Debug|Any CPU = Debug|Any CPU
		Release|Any CPU = Release|Any CPU
	EndGlobalSection
	GlobalSection(ProjectConfigurationPlatforms) = postSolution
		{D1E3C80A-EA43-4342-AE1D-2F7DBCC7F6DA}.Debug|Any CPU.ActiveCfg = Debug|Any CPU
		{D1E3C80A-EA43-4342-AE1D-2F7DBCC7F6DA}.Debug|Any CPU.Build.0 = Debug|Any CPU
		{D1E3C80A-EA43-4342-AE1D-2F7DBCC7F6DA}.Release|Any CPU.ActiveCfg = Release|Any CPU
		{D1E3C80A-EA43-4342-AE1D-2F7DBCC7F6DA}.Release|Any CPU.Build.0 = Release|Any CPU
		{EC5287A5-3048-4CDC-9B43-4ACF4C082809}.Debug|Any CPU.ActiveCfg = Debug|Any CPU
		{EC5287A5-3048-4CDC-9B43-4ACF4C082809}.Debug|Any CPU.Build.0 = Debug|Any CPU
		{EC5287A5-3048-4CDC-9B43-4ACF4C082809}.Release|Any CPU.ActiveCfg = Release|Any CPU
		{EC5287A5-3048-4CDC-9B43-4ACF4C082809}.Release|Any CPU.Build.0 = Release|Any CPU
		{3C72DD21-FAA6-41BF-B263-F6C452C257D1}.Debug|Any CPU.ActiveCfg = Debug|Any CPU
		{3C72DD21-FAA6-41BF-B263-F6C452C257D1}.Debug|Any CPU.Build.0 = Debug|Any CPU
		{3C72DD21-FAA6-41BF-B263-F6C452C257D1}.Release|Any CPU.ActiveCfg = Release|Any CPU
		{3C72DD21-FAA6-41BF-B263-F6C452C257D1}.Release|Any CPU.Build.0 = Release|Any CPU
	EndGlobalSection
	GlobalSection(SolutionProperties) = preSolution
		HideSolutionNode = FALSE
	EndGlobalSection
	GlobalSection(ExtensibilityGlobals) = postSolution
		SolutionGuid = {625BC80B-C832-47EE-8A73-2A00519466A5}
	EndGlobalSection
EndGlobal
