
Microsoft Visual Studio Solution File, Format Version 12.00
# Visual Studio Version 17
VisualStudioVersion = 17.5.33530.505
MinimumVisualStudioVersion = 10.0.40219.1
Project("{FAE04EC0-301F-11D3-BF4B-00C04F79EFBC}") = "01.SingleInheritance", "01.SingleInheritance\01.SingleInheritance.csproj", "{C2CDD191-859A-4BA1-909E-8E7ECAFF4A22}"
EndProject
Global
	GlobalSection(SolutionConfigurationPlatforms) = preSolution
		Debug|Any CPU = Debug|Any CPU
		Release|Any CPU = Release|Any CPU
	EndGlobalSection
	GlobalSection(ProjectConfigurationPlatforms) = postSolution
		{C2CDD191-859A-4BA1-909E-8E7ECAFF4A22}.Debug|Any CPU.ActiveCfg = Debug|Any CPU
		{C2CDD191-859A-4BA1-909E-8E7ECAFF4A22}.Debug|Any CPU.Build.0 = Debug|Any CPU
		{C2CDD191-859A-4BA1-909E-8E7ECAFF4A22}.Release|Any CPU.ActiveCfg = Release|Any CPU
		{C2CDD191-859A-4BA1-909E-8E7ECAFF4A22}.Release|Any CPU.Build.0 = Release|Any CPU
	EndGlobalSection
	GlobalSection(SolutionProperties) = preSolution
		HideSolutionNode = FALSE
	EndGlobalSection
	GlobalSection(ExtensibilityGlobals) = postSolution
		SolutionGuid = {4B48F55B-5BB9-4D9D-BF95-8270F3353822}
	EndGlobalSection
EndGlobal
